
Microsoft Visual Studio Solution File, Format Version 12.00
# Visual Studio Version 16
VisualStudioVersion = 16.0.31205.134
MinimumVisualStudioVersion = 10.0.40219.1
Project("{FAE04EC0-301F-11D3-BF4B-00C04F79EFBC}") = "Willcord.Services.Gateway", "Willcord.Services.Gateway\Willcord.Services.Gateway.csproj", "{59A0AF57-094B-44BB-9671-7AF930BB5A34}"
EndProject
Global
	GlobalSection(SolutionConfigurationPlatforms) = preSolution
		Debug|Any CPU = Debug|Any CPU
		Release|Any CPU = Release|Any CPU
	EndGlobalSection
	GlobalSection(ProjectConfigurationPlatforms) = postSolution
		{59A0AF57-094B-44BB-9671-7AF930BB5A34}.Debug|Any CPU.ActiveCfg = Debug|Any CPU
		{59A0AF57-094B-44BB-9671-7AF930BB5A34}.Debug|Any CPU.Build.0 = Debug|Any CPU
		{59A0AF57-094B-44BB-9671-7AF930BB5A34}.Release|Any CPU.ActiveCfg = Release|Any CPU
		{59A0AF57-094B-44BB-9671-7AF930BB5A34}.Release|Any CPU.Build.0 = Release|Any CPU
	EndGlobalSection
	GlobalSection(SolutionProperties) = preSolution
		HideSolutionNode = FALSE
	EndGlobalSection
	GlobalSection(ExtensibilityGlobals) = postSolution
		SolutionGuid = {DCF7843E-2868-4EF8-8FF7-D193D62C2DBD}
	EndGlobalSection
EndGlobal
